
Microsoft Visual Studio Solution File, Format Version 12.00
Project("{FAE04EC0-301F-11D3-BF4B-00C04F79EFBC}") = "DateTimeExtensions", "src\DateTimeExtensions\DateTimeExtensions.csproj", "{6AA24FAB-DFE6-4763-BA29-3CDBBD9B0499}"
EndProject
Project("{FAE04EC0-301F-11D3-BF4B-00C04F79EFBC}") = "DateTimeExtensions.Tests", "tests\DateTimeExtensions.Tests\DateTimeExtensions.Tests.csproj", "{EEAA519D-B008-4F46-9E07-E536CF2A18C2}"
EndProject
Global
	GlobalSection(SolutionConfigurationPlatforms) = preSolution
		Debug|Any CPU = Debug|Any CPU
		Release|Any CPU = Release|Any CPU
	EndGlobalSection
	GlobalSection(ProjectConfigurationPlatforms) = postSolution
		{6AA24FAB-DFE6-4763-BA29-3CDBBD9B0499}.Debug|Any CPU.ActiveCfg = Debug|Any CPU
		{6AA24FAB-DFE6-4763-BA29-3CDBBD9B0499}.Debug|Any CPU.Build.0 = Debug|Any CPU
		{6AA24FAB-DFE6-4763-BA29-3CDBBD9B0499}.Release|Any CPU.ActiveCfg = Release|Any CPU
		{6AA24FAB-DFE6-4763-BA29-3CDBBD9B0499}.Release|Any CPU.Build.0 = Release|Any CPU
		{EEAA519D-B008-4F46-9E07-E536CF2A18C2}.Debug|Any CPU.ActiveCfg = Debug|Any CPU
		{EEAA519D-B008-4F46-9E07-E536CF2A18C2}.Debug|Any CPU.Build.0 = Debug|Any CPU
		{EEAA519D-B008-4F46-9E07-E536CF2A18C2}.Release|Any CPU.ActiveCfg = Release|Any CPU
		{EEAA519D-B008-4F46-9E07-E536CF2A18C2}.Release|Any CPU.Build.0 = Release|Any CPU
	EndGlobalSection
EndGlobal
