
Microsoft Visual Studio Solution File, Format Version 12.00
Project("{FAE04EC0-301F-11D3-BF4B-00C04F79EFBC}") = "DateTimeExtensions", "DateTimeExtensions\DateTimeExtensions.csproj", "{755D86B3-64A5-47BC-87E1-F6C64516AAA2}"
EndProject
Project("{FAE04EC0-301F-11D3-BF4B-00C04F79EFBC}") = "DateTimeExtensions.Tests", "DateTimeExtensions.Tests\DateTimeExtensions.Tests.csproj", "{6376D6FE-5224-4763-8C66-E50A26153F5D}"
EndProject
Global
	GlobalSection(SolutionConfigurationPlatforms) = preSolution
		Debug|Any CPU = Debug|Any CPU
		Release|Any CPU = Release|Any CPU
	EndGlobalSection
	GlobalSection(ProjectConfigurationPlatforms) = postSolution
		{755D86B3-64A5-47BC-87E1-F6C64516AAA2}.Debug|Any CPU.ActiveCfg = Debug|Any CPU
		{755D86B3-64A5-47BC-87E1-F6C64516AAA2}.Debug|Any CPU.Build.0 = Debug|Any CPU
		{755D86B3-64A5-47BC-87E1-F6C64516AAA2}.Release|Any CPU.ActiveCfg = Release|Any CPU
		{755D86B3-64A5-47BC-87E1-F6C64516AAA2}.Release|Any CPU.Build.0 = Release|Any CPU
		{6376D6FE-5224-4763-8C66-E50A26153F5D}.Debug|Any CPU.ActiveCfg = Debug|Any CPU
		{6376D6FE-5224-4763-8C66-E50A26153F5D}.Debug|Any CPU.Build.0 = Debug|Any CPU
		{6376D6FE-5224-4763-8C66-E50A26153F5D}.Release|Any CPU.ActiveCfg = Release|Any CPU
		{6376D6FE-5224-4763-8C66-E50A26153F5D}.Release|Any CPU.Build.0 = Release|Any CPU
	EndGlobalSection
EndGlobal
